{
  "name": "apex-v3",
  "version": "3.0.3",
  "lockfileVersion": 1,
  "requires": true,
  "dependencies": {
    "js-couchdb": {
      "version": "1.0.0",
      "resolved": "https://registry.npmjs.org/js-couchdb/-/js-couchdb-1.0.0.tgz",
      "integrity": "sha512-2YrQSES3xlHDcBwD+qxnLzerTzzuxi5AmBLUzQrgtKLWHj8t3qUAmfe+XthsOeJGJB7P8J6l7Ej7Qy3qMwuoVw==",
      "requires": {
        "node-fetch": "2.1.2"
      }
    },
    "node-fetch": {
      "version": "2.1.2",
      "resolved": "https://registry.npmjs.org/node-fetch/-/node-fetch-2.1.2.tgz",
      "integrity": "sha1-q4hOjn5X44qUR1POxwb3iNF2i7U="
    }
  }
}
